
Microsoft Visual Studio Solution File, Format Version 12.00
# Visual Studio Version 17
VisualStudioVersion = 17.0.32014.148
MinimumVisualStudioVersion = 10.0.40219.1
Project("{9A19103F-16F7-4668-BE54-9A1E7A4F7556}") = "MIR", "MadnessInteractiveReloaded\MIR.csproj", "{9FBFD7AD-1AB7-4F37-8370-DEB41AD674EB}"
EndProject
Project("{9A19103F-16F7-4668-BE54-9A1E7A4F7556}") = "MIR.Test", "MadnessInteractiveReloaded.Test\MIR.Test.csproj", "{72C81428-938D-4460-8A7F-1355FC30B6F1}"
EndProject
Project("{2150E333-8FDC-42A3-9474-1A3956D46DE8}") = "Game", "Game", "{0D124A19-E386-48E1-9D02-0C18088BEAC5}"
EndProject
Project("{2150E333-8FDC-42A3-9474-1A3956D46DE8}") = "Tests", "Tests", "{8836B58D-39C2-43BB-970A-5F620685A10A}"
EndProject
Project("{2150E333-8FDC-42A3-9474-1A3956D46DE8}") = "Tools", "Tools", "{AAEB9C5C-5279-479C-A0D5-A467B24B71DD}"
EndProject
Project("{9A19103F-16F7-4668-BE54-9A1E7A4F7556}") = "mirbgencoder", "mirbgencoder\mirbgencoder.csproj", "{D641958B-DE2B-4689-AC1B-BA34460FFC69}"
EndProject
Project("{2150E333-8FDC-42A3-9474-1A3956D46DE8}") = "Solution Items", "Solution Items", "{8B82F04D-C832-4127-BF4C-740E8561B57A}"
	ProjectSection(SolutionItems) = preProject
		.editorconfig = .editorconfig
	EndProjectSection
EndProject
Project("{2150E333-8FDC-42A3-9474-1A3956D46DE8}") = "Libraries", "Libraries", "{F0D7E041-7E63-478F-AB01-37385E932D3A}"
EndProject
Project("{9A19103F-16F7-4668-BE54-9A1E7A4F7556}") = "BigGustave", "BigGustave\src\BigGustave\BigGustave.csproj", "{043967FF-664B-4BA4-8E21-F519BF8684CF}"
EndProject
Project("{FAE04EC0-301F-11D3-BF4B-00C04F79EFBC}") = "Harmony", "Harmony\Harmony\Harmony.csproj", "{84CD82B6-A5A0-46D9-BB3C-93B51510C280}"
EndProject
Global
	GlobalSection(SolutionConfigurationPlatforms) = preSolution
		Debug|Any CPU = Debug|Any CPU
		Debug|x64 = Debug|x64
		DebugFat|Any CPU = DebugFat|Any CPU
		DebugFat|x64 = DebugFat|x64
		DebugThin|Any CPU = DebugThin|Any CPU
		DebugThin|x64 = DebugThin|x64
		Release|Any CPU = Release|Any CPU
		Release|x64 = Release|x64
		ReleaseFat|Any CPU = ReleaseFat|Any CPU
		ReleaseFat|x64 = ReleaseFat|x64
		ReleaseRef|Any CPU = ReleaseRef|Any CPU
		ReleaseRef|x64 = ReleaseRef|x64
		ReleaseThin|Any CPU = ReleaseThin|Any CPU
		ReleaseThin|x64 = ReleaseThin|x64
	EndGlobalSection
	GlobalSection(ProjectConfigurationPlatforms) = postSolution
		{9FBFD7AD-1AB7-4F37-8370-DEB41AD674EB}.Debug|Any CPU.ActiveCfg = Debug|Any CPU
		{9FBFD7AD-1AB7-4F37-8370-DEB41AD674EB}.Debug|Any CPU.Build.0 = Debug|Any CPU
		{9FBFD7AD-1AB7-4F37-8370-DEB41AD674EB}.Debug|x64.ActiveCfg = Debug|x64
		{9FBFD7AD-1AB7-4F37-8370-DEB41AD674EB}.Debug|x64.Build.0 = Debug|x64
		{9FBFD7AD-1AB7-4F37-8370-DEB41AD674EB}.DebugFat|Any CPU.ActiveCfg = Debug|Any CPU
		{9FBFD7AD-1AB7-4F37-8370-DEB41AD674EB}.DebugFat|Any CPU.Build.0 = Debug|Any CPU
		{9FBFD7AD-1AB7-4F37-8370-DEB41AD674EB}.DebugFat|x64.ActiveCfg = Debug|x64
		{9FBFD7AD-1AB7-4F37-8370-DEB41AD674EB}.DebugFat|x64.Build.0 = Debug|x64
		{9FBFD7AD-1AB7-4F37-8370-DEB41AD674EB}.DebugThin|Any CPU.ActiveCfg = Debug|Any CPU
		{9FBFD7AD-1AB7-4F37-8370-DEB41AD674EB}.DebugThin|Any CPU.Build.0 = Debug|Any CPU
		{9FBFD7AD-1AB7-4F37-8370-DEB41AD674EB}.DebugThin|x64.ActiveCfg = Debug|x64
		{9FBFD7AD-1AB7-4F37-8370-DEB41AD674EB}.DebugThin|x64.Build.0 = Debug|x64
		{9FBFD7AD-1AB7-4F37-8370-DEB41AD674EB}.Release|Any CPU.ActiveCfg = Release|Any CPU
		{9FBFD7AD-1AB7-4F37-8370-DEB41AD674EB}.Release|Any CPU.Build.0 = Release|Any CPU
		{9FBFD7AD-1AB7-4F37-8370-DEB41AD674EB}.Release|x64.ActiveCfg = Release|x64
		{9FBFD7AD-1AB7-4F37-8370-DEB41AD674EB}.Release|x64.Build.0 = Release|x64
		{9FBFD7AD-1AB7-4F37-8370-DEB41AD674EB}.ReleaseFat|Any CPU.ActiveCfg = Release|Any CPU
		{9FBFD7AD-1AB7-4F37-8370-DEB41AD674EB}.ReleaseFat|Any CPU.Build.0 = Release|Any CPU
		{9FBFD7AD-1AB7-4F37-8370-DEB41AD674EB}.ReleaseFat|x64.ActiveCfg = Release|x64
		{9FBFD7AD-1AB7-4F37-8370-DEB41AD674EB}.ReleaseFat|x64.Build.0 = Release|x64
		{9FBFD7AD-1AB7-4F37-8370-DEB41AD674EB}.ReleaseRef|Any CPU.ActiveCfg = Release|Any CPU
		{9FBFD7AD-1AB7-4F37-8370-DEB41AD674EB}.ReleaseRef|Any CPU.Build.0 = Release|Any CPU
		{9FBFD7AD-1AB7-4F37-8370-DEB41AD674EB}.ReleaseRef|x64.ActiveCfg = Release|x64
		{9FBFD7AD-1AB7-4F37-8370-DEB41AD674EB}.ReleaseRef|x64.Build.0 = Release|x64
		{9FBFD7AD-1AB7-4F37-8370-DEB41AD674EB}.ReleaseThin|Any CPU.ActiveCfg = Release|Any CPU
		{9FBFD7AD-1AB7-4F37-8370-DEB41AD674EB}.ReleaseThin|Any CPU.Build.0 = Release|Any CPU
		{9FBFD7AD-1AB7-4F37-8370-DEB41AD674EB}.ReleaseThin|x64.ActiveCfg = Release|x64
		{9FBFD7AD-1AB7-4F37-8370-DEB41AD674EB}.ReleaseThin|x64.Build.0 = Release|x64
		{72C81428-938D-4460-8A7F-1355FC30B6F1}.Debug|Any CPU.ActiveCfg = Debug|Any CPU
		{72C81428-938D-4460-8A7F-1355FC30B6F1}.Debug|Any CPU.Build.0 = Debug|Any CPU
		{72C81428-938D-4460-8A7F-1355FC30B6F1}.Debug|x64.ActiveCfg = Debug|Any CPU
		{72C81428-938D-4460-8A7F-1355FC30B6F1}.Debug|x64.Build.0 = Debug|Any CPU
		{72C81428-938D-4460-8A7F-1355FC30B6F1}.DebugFat|Any CPU.ActiveCfg = Debug|Any CPU
		{72C81428-938D-4460-8A7F-1355FC30B6F1}.DebugFat|Any CPU.Build.0 = Debug|Any CPU
		{72C81428-938D-4460-8A7F-1355FC30B6F1}.DebugFat|x64.ActiveCfg = Debug|Any CPU
		{72C81428-938D-4460-8A7F-1355FC30B6F1}.DebugFat|x64.Build.0 = Debug|Any CPU
		{72C81428-938D-4460-8A7F-1355FC30B6F1}.DebugThin|Any CPU.ActiveCfg = Debug|Any CPU
		{72C81428-938D-4460-8A7F-1355FC30B6F1}.DebugThin|Any CPU.Build.0 = Debug|Any CPU
		{72C81428-938D-4460-8A7F-1355FC30B6F1}.DebugThin|x64.ActiveCfg = Debug|Any CPU
		{72C81428-938D-4460-8A7F-1355FC30B6F1}.DebugThin|x64.Build.0 = Debug|Any CPU
		{72C81428-938D-4460-8A7F-1355FC30B6F1}.Release|Any CPU.ActiveCfg = Release|Any CPU
		{72C81428-938D-4460-8A7F-1355FC30B6F1}.Release|Any CPU.Build.0 = Release|Any CPU
		{72C81428-938D-4460-8A7F-1355FC30B6F1}.Release|x64.ActiveCfg = Release|Any CPU
		{72C81428-938D-4460-8A7F-1355FC30B6F1}.Release|x64.Build.0 = Release|Any CPU
		{72C81428-938D-4460-8A7F-1355FC30B6F1}.ReleaseFat|Any CPU.ActiveCfg = Release|Any CPU
		{72C81428-938D-4460-8A7F-1355FC30B6F1}.ReleaseFat|Any CPU.Build.0 = Release|Any CPU
		{72C81428-938D-4460-8A7F-1355FC30B6F1}.ReleaseFat|x64.ActiveCfg = Release|Any CPU
		{72C81428-938D-4460-8A7F-1355FC30B6F1}.ReleaseFat|x64.Build.0 = Release|Any CPU
		{72C81428-938D-4460-8A7F-1355FC30B6F1}.ReleaseRef|Any CPU.ActiveCfg = Release|Any CPU
		{72C81428-938D-4460-8A7F-1355FC30B6F1}.ReleaseRef|Any CPU.Build.0 = Release|Any CPU
		{72C81428-938D-4460-8A7F-1355FC30B6F1}.ReleaseRef|x64.ActiveCfg = Release|Any CPU
		{72C81428-938D-4460-8A7F-1355FC30B6F1}.ReleaseRef|x64.Build.0 = Release|Any CPU
		{72C81428-938D-4460-8A7F-1355FC30B6F1}.ReleaseThin|Any CPU.ActiveCfg = Release|Any CPU
		{72C81428-938D-4460-8A7F-1355FC30B6F1}.ReleaseThin|Any CPU.Build.0 = Release|Any CPU
		{72C81428-938D-4460-8A7F-1355FC30B6F1}.ReleaseThin|x64.ActiveCfg = Release|Any CPU
		{72C81428-938D-4460-8A7F-1355FC30B6F1}.ReleaseThin|x64.Build.0 = Release|Any CPU
		{D641958B-DE2B-4689-AC1B-BA34460FFC69}.Debug|Any CPU.ActiveCfg = Debug|Any CPU
		{D641958B-DE2B-4689-AC1B-BA34460FFC69}.Debug|Any CPU.Build.0 = Debug|Any CPU
		{D641958B-DE2B-4689-AC1B-BA34460FFC69}.Debug|x64.ActiveCfg = Debug|Any CPU
		{D641958B-DE2B-4689-AC1B-BA34460FFC69}.Debug|x64.Build.0 = Debug|Any CPU
		{D641958B-DE2B-4689-AC1B-BA34460FFC69}.DebugFat|Any CPU.ActiveCfg = Debug|Any CPU
		{D641958B-DE2B-4689-AC1B-BA34460FFC69}.DebugFat|Any CPU.Build.0 = Debug|Any CPU
		{D641958B-DE2B-4689-AC1B-BA34460FFC69}.DebugFat|x64.ActiveCfg = Debug|Any CPU
		{D641958B-DE2B-4689-AC1B-BA34460FFC69}.DebugFat|x64.Build.0 = Debug|Any CPU
		{D641958B-DE2B-4689-AC1B-BA34460FFC69}.DebugThin|Any CPU.ActiveCfg = Debug|Any CPU
		{D641958B-DE2B-4689-AC1B-BA34460FFC69}.DebugThin|Any CPU.Build.0 = Debug|Any CPU
		{D641958B-DE2B-4689-AC1B-BA34460FFC69}.DebugThin|x64.ActiveCfg = Debug|Any CPU
		{D641958B-DE2B-4689-AC1B-BA34460FFC69}.DebugThin|x64.Build.0 = Debug|Any CPU
		{D641958B-DE2B-4689-AC1B-BA34460FFC69}.Release|Any CPU.ActiveCfg = Release|Any CPU
		{D641958B-DE2B-4689-AC1B-BA34460FFC69}.Release|Any CPU.Build.0 = Release|Any CPU
		{D641958B-DE2B-4689-AC1B-BA34460FFC69}.Release|x64.ActiveCfg = Release|Any CPU
		{D641958B-DE2B-4689-AC1B-BA34460FFC69}.Release|x64.Build.0 = Release|Any CPU
		{D641958B-DE2B-4689-AC1B-BA34460FFC69}.ReleaseFat|Any CPU.ActiveCfg = Release|Any CPU
		{D641958B-DE2B-4689-AC1B-BA34460FFC69}.ReleaseFat|Any CPU.Build.0 = Release|Any CPU
		{D641958B-DE2B-4689-AC1B-BA34460FFC69}.ReleaseFat|x64.ActiveCfg = Release|Any CPU
		{D641958B-DE2B-4689-AC1B-BA34460FFC69}.ReleaseFat|x64.Build.0 = Release|Any CPU
		{D641958B-DE2B-4689-AC1B-BA34460FFC69}.ReleaseRef|Any CPU.ActiveCfg = Release|Any CPU
		{D641958B-DE2B-4689-AC1B-BA34460FFC69}.ReleaseRef|Any CPU.Build.0 = Release|Any CPU
		{D641958B-DE2B-4689-AC1B-BA34460FFC69}.ReleaseRef|x64.ActiveCfg = Release|Any CPU
		{D641958B-DE2B-4689-AC1B-BA34460FFC69}.ReleaseRef|x64.Build.0 = Release|Any CPU
		{D641958B-DE2B-4689-AC1B-BA34460FFC69}.ReleaseThin|Any CPU.ActiveCfg = Release|Any CPU
		{D641958B-DE2B-4689-AC1B-BA34460FFC69}.ReleaseThin|Any CPU.Build.0 = Release|Any CPU
		{D641958B-DE2B-4689-AC1B-BA34460FFC69}.ReleaseThin|x64.ActiveCfg = Release|Any CPU
		{D641958B-DE2B-4689-AC1B-BA34460FFC69}.ReleaseThin|x64.Build.0 = Release|Any CPU
		{043967FF-664B-4BA4-8E21-F519BF8684CF}.Debug|Any CPU.ActiveCfg = Debug|Any CPU
		{043967FF-664B-4BA4-8E21-F519BF8684CF}.Debug|Any CPU.Build.0 = Debug|Any CPU
		{043967FF-664B-4BA4-8E21-F519BF8684CF}.Debug|x64.ActiveCfg = Debug|Any CPU
		{043967FF-664B-4BA4-8E21-F519BF8684CF}.Debug|x64.Build.0 = Debug|Any CPU
		{043967FF-664B-4BA4-8E21-F519BF8684CF}.DebugFat|Any CPU.ActiveCfg = Debug|Any CPU
		{043967FF-664B-4BA4-8E21-F519BF8684CF}.DebugFat|Any CPU.Build.0 = Debug|Any CPU
		{043967FF-664B-4BA4-8E21-F519BF8684CF}.DebugFat|x64.ActiveCfg = Debug|Any CPU
		{043967FF-664B-4BA4-8E21-F519BF8684CF}.DebugFat|x64.Build.0 = Debug|Any CPU
		{043967FF-664B-4BA4-8E21-F519BF8684CF}.DebugThin|Any CPU.ActiveCfg = Debug|Any CPU
		{043967FF-664B-4BA4-8E21-F519BF8684CF}.DebugThin|Any CPU.Build.0 = Debug|Any CPU
		{043967FF-664B-4BA4-8E21-F519BF8684CF}.DebugThin|x64.ActiveCfg = Debug|Any CPU
		{043967FF-664B-4BA4-8E21-F519BF8684CF}.DebugThin|x64.Build.0 = Debug|Any CPU
		{043967FF-664B-4BA4-8E21-F519BF8684CF}.Release|Any CPU.ActiveCfg = Release|Any CPU
		{043967FF-664B-4BA4-8E21-F519BF8684CF}.Release|Any CPU.Build.0 = Release|Any CPU
		{043967FF-664B-4BA4-8E21-F519BF8684CF}.Release|x64.ActiveCfg = Release|Any CPU
		{043967FF-664B-4BA4-8E21-F519BF8684CF}.Release|x64.Build.0 = Release|Any CPU
		{043967FF-664B-4BA4-8E21-F519BF8684CF}.ReleaseFat|Any CPU.ActiveCfg = Release|Any CPU
		{043967FF-664B-4BA4-8E21-F519BF8684CF}.ReleaseFat|Any CPU.Build.0 = Release|Any CPU
		{043967FF-664B-4BA4-8E21-F519BF8684CF}.ReleaseFat|x64.ActiveCfg = Release|Any CPU
		{043967FF-664B-4BA4-8E21-F519BF8684CF}.ReleaseFat|x64.Build.0 = Release|Any CPU
		{043967FF-664B-4BA4-8E21-F519BF8684CF}.ReleaseRef|Any CPU.ActiveCfg = Release|Any CPU
		{043967FF-664B-4BA4-8E21-F519BF8684CF}.ReleaseRef|Any CPU.Build.0 = Release|Any CPU
		{043967FF-664B-4BA4-8E21-F519BF8684CF}.ReleaseRef|x64.ActiveCfg = Release|Any CPU
		{043967FF-664B-4BA4-8E21-F519BF8684CF}.ReleaseRef|x64.Build.0 = Release|Any CPU
		{043967FF-664B-4BA4-8E21-F519BF8684CF}.ReleaseThin|Any CPU.ActiveCfg = Release|Any CPU
		{043967FF-664B-4BA4-8E21-F519BF8684CF}.ReleaseThin|Any CPU.Build.0 = Release|Any CPU
		{043967FF-664B-4BA4-8E21-F519BF8684CF}.ReleaseThin|x64.ActiveCfg = Release|Any CPU
		{043967FF-664B-4BA4-8E21-F519BF8684CF}.ReleaseThin|x64.Build.0 = Release|Any CPU
		{84CD82B6-A5A0-46D9-BB3C-93B51510C280}.Debug|Any CPU.ActiveCfg = DebugThin|Any CPU
		{84CD82B6-A5A0-46D9-BB3C-93B51510C280}.Debug|Any CPU.Build.0 = DebugThin|Any CPU
		{84CD82B6-A5A0-46D9-BB3C-93B51510C280}.Debug|x64.ActiveCfg = DebugThin|Any CPU
		{84CD82B6-A5A0-46D9-BB3C-93B51510C280}.Debug|x64.Build.0 = DebugThin|Any CPU
		{84CD82B6-A5A0-46D9-BB3C-93B51510C280}.DebugFat|Any CPU.ActiveCfg = DebugFat|Any CPU
		{84CD82B6-A5A0-46D9-BB3C-93B51510C280}.DebugFat|Any CPU.Build.0 = DebugFat|Any CPU
		{84CD82B6-A5A0-46D9-BB3C-93B51510C280}.DebugFat|x64.ActiveCfg = DebugFat|Any CPU
		{84CD82B6-A5A0-46D9-BB3C-93B51510C280}.DebugFat|x64.Build.0 = DebugFat|Any CPU
		{84CD82B6-A5A0-46D9-BB3C-93B51510C280}.DebugThin|Any CPU.ActiveCfg = DebugThin|Any CPU
		{84CD82B6-A5A0-46D9-BB3C-93B51510C280}.DebugThin|Any CPU.Build.0 = DebugThin|Any CPU
		{84CD82B6-A5A0-46D9-BB3C-93B51510C280}.DebugThin|x64.ActiveCfg = DebugThin|Any CPU
		{84CD82B6-A5A0-46D9-BB3C-93B51510C280}.DebugThin|x64.Build.0 = DebugThin|Any CPU
		{84CD82B6-A5A0-46D9-BB3C-93B51510C280}.Release|Any CPU.ActiveCfg = ReleaseThin|Any CPU
		{84CD82B6-A5A0-46D9-BB3C-93B51510C280}.Release|Any CPU.Build.0 = ReleaseThin|Any CPU
		{84CD82B6-A5A0-46D9-BB3C-93B51510C280}.Release|x64.ActiveCfg = ReleaseThin|Any CPU
		{84CD82B6-A5A0-46D9-BB3C-93B51510C280}.Release|x64.Build.0 = ReleaseThin|Any CPU
		{84CD82B6-A5A0-46D9-BB3C-93B51510C280}.ReleaseFat|Any CPU.ActiveCfg = ReleaseFat|Any CPU
		{84CD82B6-A5A0-46D9-BB3C-93B51510C280}.ReleaseFat|Any CPU.Build.0 = ReleaseFat|Any CPU
		{84CD82B6-A5A0-46D9-BB3C-93B51510C280}.ReleaseFat|x64.ActiveCfg = ReleaseFat|Any CPU
		{84CD82B6-A5A0-46D9-BB3C-93B51510C280}.ReleaseFat|x64.Build.0 = ReleaseFat|Any CPU
		{84CD82B6-A5A0-46D9-BB3C-93B51510C280}.ReleaseRef|Any CPU.ActiveCfg = ReleaseRef|Any CPU
		{84CD82B6-A5A0-46D9-BB3C-93B51510C280}.ReleaseRef|Any CPU.Build.0 = ReleaseRef|Any CPU
		{84CD82B6-A5A0-46D9-BB3C-93B51510C280}.ReleaseRef|x64.ActiveCfg = ReleaseRef|Any CPU
		{84CD82B6-A5A0-46D9-BB3C-93B51510C280}.ReleaseRef|x64.Build.0 = ReleaseRef|Any CPU
		{84CD82B6-A5A0-46D9-BB3C-93B51510C280}.ReleaseThin|Any CPU.ActiveCfg = ReleaseThin|Any CPU
		{84CD82B6-A5A0-46D9-BB3C-93B51510C280}.ReleaseThin|Any CPU.Build.0 = ReleaseThin|Any CPU
		{84CD82B6-A5A0-46D9-BB3C-93B51510C280}.ReleaseThin|x64.ActiveCfg = ReleaseThin|Any CPU
		{84CD82B6-A5A0-46D9-BB3C-93B51510C280}.ReleaseThin|x64.Build.0 = ReleaseThin|Any CPU
	EndGlobalSection
	GlobalSection(SolutionProperties) = preSolution
		HideSolutionNode = FALSE
	EndGlobalSection
	GlobalSection(NestedProjects) = preSolution
		{9FBFD7AD-1AB7-4F37-8370-DEB41AD674EB} = {0D124A19-E386-48E1-9D02-0C18088BEAC5}
		{72C81428-938D-4460-8A7F-1355FC30B6F1} = {8836B58D-39C2-43BB-970A-5F620685A10A}
		{D641958B-DE2B-4689-AC1B-BA34460FFC69} = {AAEB9C5C-5279-479C-A0D5-A467B24B71DD}
		{043967FF-664B-4BA4-8E21-F519BF8684CF} = {F0D7E041-7E63-478F-AB01-37385E932D3A}
		{84CD82B6-A5A0-46D9-BB3C-93B51510C280} = {F0D7E041-7E63-478F-AB01-37385E932D3A}
	EndGlobalSection
	GlobalSection(ExtensibilityGlobals) = postSolution
		SolutionGuid = {6593244E-952A-4036-9977-D1828F875836}
	EndGlobalSection
EndGlobal
